
Microsoft Visual Studio Solution File, Format Version 12.00
# Visual Studio Version 17
VisualStudioVersion = 17.13.35919.96 d17.13
MinimumVisualStudioVersion = 10.0.40219.1
Project("{FAE04EC0-301F-11D3-BF4B-00C04F79EFBC}") = "prueba_database", "prueba_database\prueba_database.csproj", "{20B2A167-8110-411C-92B5-91BA64A57DBF}"
EndProject
Global
	GlobalSection(SolutionConfigurationPlatforms) = preSolution
		Debug|Any CPU = Debug|Any CPU
		Release|Any CPU = Release|Any CPU
	EndGlobalSection
	GlobalSection(ProjectConfigurationPlatforms) = postSolution
		{20B2A167-8110-411C-92B5-91BA64A57DBF}.Debug|Any CPU.ActiveCfg = Debug|Any CPU
		{20B2A167-8110-411C-92B5-91BA64A57DBF}.Debug|Any CPU.Build.0 = Debug|Any CPU
		{20B2A167-8110-411C-92B5-91BA64A57DBF}.Release|Any CPU.ActiveCfg = Release|Any CPU
		{20B2A167-8110-411C-92B5-91BA64A57DBF}.Release|Any CPU.Build.0 = Release|Any CPU
	EndGlobalSection
	GlobalSection(SolutionProperties) = preSolution
		HideSolutionNode = FALSE
	EndGlobalSection
	GlobalSection(ExtensibilityGlobals) = postSolution
		SolutionGuid = {9A9C2845-33BB-487C-8C2D-2BBB5BE69900}
	EndGlobalSection
EndGlobal
